<Solution>
  <Configurations>
    <Platform Name="Any CPU" />
    <Platform Name="x64" />
    <Platform Name="x86" />
  </Configurations>
  <Folder Name="/src/">
    <Project Path="src/BattleLogic/BattleLogic.csproj" />
    <Project Path="src/CliClient/CliClient.csproj" />
    <Project Path="src/InMemoryServer/InMemoryServer.csproj" />
    <Project Path="src/Shared/Shared.csproj" />
    <Project Path="src/WasmClient/WasmClient.csproj" />
  </Folder>
  <Folder Name="/tests/">
    <Project Path="tests/BattleLogic.Tests/BattleLogic.Tests.csproj" />
    <Project Path="tests/CliClient.Tests/CliClient.Tests.csproj" />
    <Project Path="tests/E2E.Tests/E2E.Tests.csproj" />
    <Project Path="tests/InMemoryServer.Tests/InMemoryServer.Tests.csproj" />
  </Folder>
</Solution>
