<Solution>
  <Configurations>
    <Platform Name="Any CPU" />
    <Platform Name="x64" />
    <Platform Name="x86" />
  </Configurations>
  <Folder Name="/src/">
    <Project Path="src/CliClient/CliClient.csproj" />
    <Project Path="src/InMemoryServer/InMemoryServer.csproj" />
    <Project Path="src/Shared/Shared.csproj" />
    <Project Path="src/Tests/Tests.csproj" />
  </Folder>
</Solution>
